
Microsoft Visual Studio Solution File, Format Version 12.00
# Visual Studio Version 17
VisualStudioVersion = 17.7.34031.279
MinimumVisualStudioVersion = 10.0.40219.1
Project("{FAE04EC0-301F-11D3-BF4B-00C04F79EFBC}") = "laba", "laba\laba.csproj", "{8F82FE79-5E9E-4FF6-AB93-57705442B04F}"
EndProject
Global
	GlobalSection(SolutionConfigurationPlatforms) = preSolution
		Debug|Any CPU = Debug|Any CPU
		Release|Any CPU = Release|Any CPU
	EndGlobalSection
	GlobalSection(ProjectConfigurationPlatforms) = postSolution
		{8F82FE79-5E9E-4FF6-AB93-57705442B04F}.Debug|Any CPU.ActiveCfg = Debug|Any CPU
		{8F82FE79-5E9E-4FF6-AB93-57705442B04F}.Debug|Any CPU.Build.0 = Debug|Any CPU
		{8F82FE79-5E9E-4FF6-AB93-57705442B04F}.Release|Any CPU.ActiveCfg = Release|Any CPU
		{8F82FE79-5E9E-4FF6-AB93-57705442B04F}.Release|Any CPU.Build.0 = Release|Any CPU
	EndGlobalSection
	GlobalSection(SolutionProperties) = preSolution
		HideSolutionNode = FALSE
	EndGlobalSection
	GlobalSection(ExtensibilityGlobals) = postSolution
		SolutionGuid = {F12838BA-2B20-4C3C-AF15-F8625A7634C1}
	EndGlobalSection
EndGlobal
