
Microsoft Visual Studio Solution File, Format Version 12.00
Project("{FAE04EC0-301F-11D3-BF4B-00C04F79EFBC}") = "Logic_the_game_of_Nim", "Logic_the_game_of_Nim\Logic_the_game_of_Nim.csproj", "{FC7B18BE-2476-4A3A-AAAF-65569951CFA2}"
EndProject
Global
	GlobalSection(SolutionConfigurationPlatforms) = preSolution
		Debug|Any CPU = Debug|Any CPU
		Release|Any CPU = Release|Any CPU
	EndGlobalSection
	GlobalSection(ProjectConfigurationPlatforms) = postSolution
		{FC7B18BE-2476-4A3A-AAAF-65569951CFA2}.Debug|Any CPU.ActiveCfg = Debug|Any CPU
		{FC7B18BE-2476-4A3A-AAAF-65569951CFA2}.Debug|Any CPU.Build.0 = Debug|Any CPU
		{FC7B18BE-2476-4A3A-AAAF-65569951CFA2}.Release|Any CPU.ActiveCfg = Release|Any CPU
		{FC7B18BE-2476-4A3A-AAAF-65569951CFA2}.Release|Any CPU.Build.0 = Release|Any CPU
	EndGlobalSection
EndGlobal
